{"is_source_file": false, "format": "", "description": "", "external_files": [], "external_methods": [], "published": [], "classes": [], "methods": [], "calls": [], "search-terms": [], "state": 2, "file_id": 30, "knowledge_revision": 80, "git_revision": "ee3427af4d6b7c075f35f3612bc5da205a6b52dc", "hash": "e9b4c3b42cef0193b7fddb548d37e652", "format-version": 4, "code-base-name": "default", "filename": "study_sphere/post_process_status.lock", "revision_history": [{"80": "ee3427af4d6b7c075f35f3612bc5da205a6b52dc"}]}